
Microsoft Visual Studio Solution File, Format Version 12.00
# Visual Studio Version 16
VisualStudioVersion = 16.0.30907.101
MinimumVisualStudioVersion = 10.0.40219.1
Project("{FAE04EC0-301F-11D3-BF4B-00C04F79EFBC}") = "EqClient", "EqClient\EqClient.csproj", "{41F01D3E-25D7-4B88-9E88-65EFE18E2C6D}"
EndProject
Global
	GlobalSection(SolutionConfigurationPlatforms) = preSolution
		Debug|Any CPU = Debug|Any CPU
		Release|Any CPU = Release|Any CPU
	EndGlobalSection
	GlobalSection(ProjectConfigurationPlatforms) = postSolution
		{41F01D3E-25D7-4B88-9E88-65EFE18E2C6D}.Debug|Any CPU.ActiveCfg = Debug|Any CPU
		{41F01D3E-25D7-4B88-9E88-65EFE18E2C6D}.Debug|Any CPU.Build.0 = Debug|Any CPU
		{41F01D3E-25D7-4B88-9E88-65EFE18E2C6D}.Release|Any CPU.ActiveCfg = Release|Any CPU
		{41F01D3E-25D7-4B88-9E88-65EFE18E2C6D}.Release|Any CPU.Build.0 = Release|Any CPU
	EndGlobalSection
	GlobalSection(SolutionProperties) = preSolution
		HideSolutionNode = FALSE
	EndGlobalSection
	GlobalSection(ExtensibilityGlobals) = postSolution
		SolutionGuid = {A781EB40-BC59-4B56-89AD-3A71E0537261}
	EndGlobalSection
EndGlobal
